
Microsoft Visual Studio Solution File, Format Version 12.00
# Visual Studio Version 17
VisualStudioVersion = 17.13.35828.75 d17.13
MinimumVisualStudioVersion = 10.0.40219.1
Project("{FAE04EC0-301F-11D3-BF4B-00C04F79EFBC}") = "WPF_WebScreenSaver_Project", "WPF_WebScreenSaver_Project\WPF_WebScreenSaver_Project.csproj", "{48D5F0C5-A750-45A9-AF78-92E740C60891}"
EndProject
Global
	GlobalSection(SolutionConfigurationPlatforms) = preSolution
		Debug|Any CPU = Debug|Any CPU
		Release|Any CPU = Release|Any CPU
	EndGlobalSection
	GlobalSection(ProjectConfigurationPlatforms) = postSolution
		{48D5F0C5-A750-45A9-AF78-92E740C60891}.Debug|Any CPU.ActiveCfg = Debug|Any CPU
		{48D5F0C5-A750-45A9-AF78-92E740C60891}.Debug|Any CPU.Build.0 = Debug|Any CPU
		{48D5F0C5-A750-45A9-AF78-92E740C60891}.Release|Any CPU.ActiveCfg = Release|Any CPU
		{48D5F0C5-A750-45A9-AF78-92E740C60891}.Release|Any CPU.Build.0 = Release|Any CPU
	EndGlobalSection
	GlobalSection(SolutionProperties) = preSolution
		HideSolutionNode = FALSE
	EndGlobalSection
	GlobalSection(ExtensibilityGlobals) = postSolution
		SolutionGuid = {2ADD5107-40AA-4F4E-AE5A-9BB44F1B4487}
	EndGlobalSection
EndGlobal
